
Microsoft Visual Studio Solution File, Format Version 12.00
# Visual Studio Version 16
VisualStudioVersion = 16.0.32901.82
MinimumVisualStudioVersion = 10.0.40219.1
Project("{8BC9CEB8-8B4A-11D0-8D11-00A0C91BC942}") = "Dejkstra", "Dejkstra\Dejkstra.vcxproj", "{B0DC3A3D-582B-4EAA-9486-864A15494142}"
EndProject
Global
	GlobalSection(SolutionConfigurationPlatforms) = preSolution
		Debug|x64 = Debug|x64
		Debug|x86 = Debug|x86
		Release|x64 = Release|x64
		Release|x86 = Release|x86
	EndGlobalSection
	GlobalSection(ProjectConfigurationPlatforms) = postSolution
		{B0DC3A3D-582B-4EAA-9486-864A15494142}.Debug|x64.ActiveCfg = Debug|x64
		{B0DC3A3D-582B-4EAA-9486-864A15494142}.Debug|x64.Build.0 = Debug|x64
		{B0DC3A3D-582B-4EAA-9486-864A15494142}.Debug|x86.ActiveCfg = Debug|Win32
		{B0DC3A3D-582B-4EAA-9486-864A15494142}.Debug|x86.Build.0 = Debug|Win32
		{B0DC3A3D-582B-4EAA-9486-864A15494142}.Release|x64.ActiveCfg = Release|x64
		{B0DC3A3D-582B-4EAA-9486-864A15494142}.Release|x64.Build.0 = Release|x64
		{B0DC3A3D-582B-4EAA-9486-864A15494142}.Release|x86.ActiveCfg = Release|Win32
		{B0DC3A3D-582B-4EAA-9486-864A15494142}.Release|x86.Build.0 = Release|Win32
	EndGlobalSection
	GlobalSection(SolutionProperties) = preSolution
		HideSolutionNode = FALSE
	EndGlobalSection
	GlobalSection(ExtensibilityGlobals) = postSolution
		SolutionGuid = {CFF034AB-CE83-4068-AD6D-8AD5750366A8}
	EndGlobalSection
EndGlobal
